
Microsoft Visual Studio Solution File, Format Version 12.00
# Visual Studio Version 16
VisualStudioVersion = 16.0.31729.503
MinimumVisualStudioVersion = 10.0.40219.1
Project("{FAE04EC0-301F-11D3-BF4B-00C04F79EFBC}") = "SteamFolderUpdater", "SteamFolderUpdater.csproj", "{FD17044C-F195-45A6-B06C-D860F9471F1B}"
EndProject
Global
	GlobalSection(SolutionConfigurationPlatforms) = preSolution
		Debug|Any CPU = Debug|Any CPU
		Release|Any CPU = Release|Any CPU
	EndGlobalSection
	GlobalSection(ProjectConfigurationPlatforms) = postSolution
		{FD17044C-F195-45A6-B06C-D860F9471F1B}.Debug|Any CPU.ActiveCfg = Debug|Any CPU
		{FD17044C-F195-45A6-B06C-D860F9471F1B}.Debug|Any CPU.Build.0 = Debug|Any CPU
		{FD17044C-F195-45A6-B06C-D860F9471F1B}.Release|Any CPU.ActiveCfg = Release|Any CPU
		{FD17044C-F195-45A6-B06C-D860F9471F1B}.Release|Any CPU.Build.0 = Release|Any CPU
	EndGlobalSection
	GlobalSection(SolutionProperties) = preSolution
		HideSolutionNode = FALSE
	EndGlobalSection
	GlobalSection(ExtensibilityGlobals) = postSolution
		SolutionGuid = {4DA07707-A789-43E0-AE1E-03F6550EDE64}
	EndGlobalSection
EndGlobal
